
Microsoft Visual Studio Solution File, Format Version 12.00
# Visual Studio Version 17
VisualStudioVersion = 17.9.34616.47
MinimumVisualStudioVersion = 10.0.40219.1
Project("{FAE04EC0-301F-11D3-BF4B-00C04F79EFBC}") = "MiniPrj3", "MiniPrj3\MiniPrj3.csproj", "{66CE14B5-7E72-43E2-904C-D6D1F4C3DFCB}"
EndProject
Global
	GlobalSection(SolutionConfigurationPlatforms) = preSolution
		Debug|Any CPU = Debug|Any CPU
		Release|Any CPU = Release|Any CPU
	EndGlobalSection
	GlobalSection(ProjectConfigurationPlatforms) = postSolution
		{66CE14B5-7E72-43E2-904C-D6D1F4C3DFCB}.Debug|Any CPU.ActiveCfg = Debug|Any CPU
		{66CE14B5-7E72-43E2-904C-D6D1F4C3DFCB}.Debug|Any CPU.Build.0 = Debug|Any CPU
		{66CE14B5-7E72-43E2-904C-D6D1F4C3DFCB}.Release|Any CPU.ActiveCfg = Release|Any CPU
		{66CE14B5-7E72-43E2-904C-D6D1F4C3DFCB}.Release|Any CPU.Build.0 = Release|Any CPU
	EndGlobalSection
	GlobalSection(SolutionProperties) = preSolution
		HideSolutionNode = FALSE
	EndGlobalSection
	GlobalSection(ExtensibilityGlobals) = postSolution
		SolutionGuid = {7DC1D6ED-021C-4D6C-BD75-E3E3C06F6906}
	EndGlobalSection
EndGlobal
